
Microsoft Visual Studio Solution File, Format Version 12.00
# Visual Studio 15
VisualStudioVersion = 15.0.28010.0
MinimumVisualStudioVersion = 10.0.40219.1
Project("{FAE04EC0-301F-11D3-BF4B-00C04F79EFBC}") = "CodingCraftoHOMod1Ex1EF", "CodingCraftoHOMod1Ex1EF\CodingCraftoHOMod1Ex1EF.csproj", "{14D90705-3DB4-4414-A73C-0444B42C00E4}"
EndProject
Global
	GlobalSection(SolutionConfigurationPlatforms) = preSolution
		Debug|Any CPU = Debug|Any CPU
		Release|Any CPU = Release|Any CPU
	EndGlobalSection
	GlobalSection(ProjectConfigurationPlatforms) = postSolution
		{14D90705-3DB4-4414-A73C-0444B42C00E4}.Debug|Any CPU.ActiveCfg = Debug|Any CPU
		{14D90705-3DB4-4414-A73C-0444B42C00E4}.Debug|Any CPU.Build.0 = Debug|Any CPU
		{14D90705-3DB4-4414-A73C-0444B42C00E4}.Release|Any CPU.ActiveCfg = Release|Any CPU
		{14D90705-3DB4-4414-A73C-0444B42C00E4}.Release|Any CPU.Build.0 = Release|Any CPU
	EndGlobalSection
	GlobalSection(SolutionProperties) = preSolution
		HideSolutionNode = FALSE
	EndGlobalSection
	GlobalSection(ExtensibilityGlobals) = postSolution
		SolutionGuid = {DDF9EDA5-35A3-4CD2-B861-0D3B018102E0}
	EndGlobalSection
EndGlobal
